
Microsoft Visual Studio Solution File, Format Version 12.00
# Visual Studio Version 16
VisualStudioVersion = 16.0.30225.117
MinimumVisualStudioVersion = 10.0.40219.1
Project("{8BC9CEB8-8B4A-11D0-8D11-00A0C91BC942}") = "ch03_memory_control", "ch03_memory_control.vcxproj", "{AEB980E5-3926-4E7B-93C8-4CC59F150056}"
EndProject
Global
	GlobalSection(SolutionConfigurationPlatforms) = preSolution
		Debug|x64 = Debug|x64
		Debug|x86 = Debug|x86
		Release|x64 = Release|x64
		Release|x86 = Release|x86
	EndGlobalSection
	GlobalSection(ProjectConfigurationPlatforms) = postSolution
		{AEB980E5-3926-4E7B-93C8-4CC59F150056}.Debug|x64.ActiveCfg = Debug|x64
		{AEB980E5-3926-4E7B-93C8-4CC59F150056}.Debug|x64.Build.0 = Debug|x64
		{AEB980E5-3926-4E7B-93C8-4CC59F150056}.Debug|x86.ActiveCfg = Debug|Win32
		{AEB980E5-3926-4E7B-93C8-4CC59F150056}.Debug|x86.Build.0 = Debug|Win32
		{AEB980E5-3926-4E7B-93C8-4CC59F150056}.Release|x64.ActiveCfg = Release|x64
		{AEB980E5-3926-4E7B-93C8-4CC59F150056}.Release|x64.Build.0 = Release|x64
		{AEB980E5-3926-4E7B-93C8-4CC59F150056}.Release|x86.ActiveCfg = Release|Win32
		{AEB980E5-3926-4E7B-93C8-4CC59F150056}.Release|x86.Build.0 = Release|Win32
	EndGlobalSection
	GlobalSection(SolutionProperties) = preSolution
		HideSolutionNode = FALSE
	EndGlobalSection
	GlobalSection(ExtensibilityGlobals) = postSolution
		SolutionGuid = {44798A06-9B30-4870-8E92-D0307A2B158E}
	EndGlobalSection
EndGlobal
